// !$*UTF8*$!
{
	archiveVersion = 1;
	classes = {
	};
	objectVersion = 56;
	objects = {

/* Begin PBXBuildFile section */
		6D00E83B2BC98BA5006E2FB2 /* DiaryInputView.swift in Sources */ = {isa = PBXBuildFile; fileRef = 6D00E83A2BC98BA5006E2FB2 /* DiaryInputView.swift */; };
		6D0230642BE01E8700ABDD5F /* AnnouncementView.swift in Sources */ = {isa = PBXBuildFile; fileRef = 6D0230632BE01E8700ABDD5F /* AnnouncementView.swift */; };
		6D0230662BE01EF100ABDD5F /* ServiceCenterView.swift in Sources */ = {isa = PBXBuildFile; fileRef = 6D0230652BE01EF100ABDD5F /* ServiceCenterView.swift */; };
		6D0230682BE01F2800ABDD5F /* AccountManagementView.swift in Sources */ = {isa = PBXBuildFile; fileRef = 6D0230672BE01F2800ABDD5F /* AccountManagementView.swift */; };
		6D02306C2BE021BF00ABDD5F /* AnnouncementViewModel.swift in Sources */ = {isa = PBXBuildFile; fileRef = 6D02306B2BE021BF00ABDD5F /* AnnouncementViewModel.swift */; };
		6D0304012BC77165008114A0 /* InitialView.swift in Sources */ = {isa = PBXBuildFile; fileRef = 6D0304002BC77165008114A0 /* InitialView.swift */; };
		6D0304052BC7861F008114A0 /* InitialViewModel.swift in Sources */ = {isa = PBXBuildFile; fileRef = 6D0304042BC7861F008114A0 /* InitialViewModel.swift */; };
		6D03040B2BC78EA8008114A0 /* 777Balsamtint.otf in Resources */ = {isa = PBXBuildFile; fileRef = 6D03040A2BC78EA8008114A0 /* 777Balsamtint.otf */; };
		6D04BB392BDE6A47005A2065 /* DiarySendView.swift in Sources */ = {isa = PBXBuildFile; fileRef = 6D04BB382BDE6A47005A2065 /* DiarySendView.swift */; };
		6D18EB4B2BF690EE00ED0962 /* KeyboardMonitor.swift in Sources */ = {isa = PBXBuildFile; fileRef = 6D18EB4A2BF690EE00ED0962 /* KeyboardMonitor.swift */; };
		6D18EB4D2BF6B5CB00ED0962 /* EmotionStatusViewModel.swift in Sources */ = {isa = PBXBuildFile; fileRef = 6D18EB4C2BF6B5CB00ED0962 /* EmotionStatusViewModel.swift */; };
		6D2D8D842BE8562100AF01E8 /* Service.swift in Sources */ = {isa = PBXBuildFile; fileRef = 6D2D8D832BE8562100AF01E8 /* Service.swift */; };
		6D2D8D872BE8564C00AF01E8 /* ViewModel.swift in Sources */ = {isa = PBXBuildFile; fileRef = 6D2D8D862BE8564C00AF01E8 /* ViewModel.swift */; };
		6D2E8FD02BF4F9EA005B7BA8 /* DiaryViewModel.swift in Sources */ = {isa = PBXBuildFile; fileRef = 6D2E8FCF2BF4F9EA005B7BA8 /* DiaryViewModel.swift */; };
		6D2E8FD32BF51732005B7BA8 /* Kingfisher in Frameworks */ = {isa = PBXBuildFile; productRef = 6D2E8FD22BF51732005B7BA8 /* Kingfisher */; };
		6D54DD232BC5BF9F008F839E /* EmotionalStatusView.swift in Sources */ = {isa = PBXBuildFile; fileRef = 6D54DD222BC5BF9F008F839E /* EmotionalStatusView.swift */; };
		6D57FDB92BFB9520000C4CA6 /* WebView.swift in Sources */ = {isa = PBXBuildFile; fileRef = 6D57FDB82BFB9520000C4CA6 /* WebView.swift */; };
		6D5EE72B2BE6E5E600A6D428 /* TokenManager.swift in Sources */ = {isa = PBXBuildFile; fileRef = 6D5EE72A2BE6E5E600A6D428 /* TokenManager.swift */; };
		6D6132482BE3517000B879AB /* EmotionGraphIntroView.swift in Sources */ = {isa = PBXBuildFile; fileRef = 6D6132472BE3517000B879AB /* EmotionGraphIntroView.swift */; };
		6D705A262BBD7B740038A9E9 /* CapStoneDesignApp.swift in Sources */ = {isa = PBXBuildFile; fileRef = 6D705A252BBD7B740038A9E9 /* CapStoneDesignApp.swift */; };
		6D705A282BBD7B740038A9E9 /* TabBarView.swift in Sources */ = {isa = PBXBuildFile; fileRef = 6D705A272BBD7B740038A9E9 /* TabBarView.swift */; };
		6D705A2A2BBD7B740038A9E9 /* Assets.xcassets in Resources */ = {isa = PBXBuildFile; fileRef = 6D705A292BBD7B740038A9E9 /* Assets.xcassets */; };
		6D705A2D2BBD7B740038A9E9 /* Preview Assets.xcassets in Resources */ = {isa = PBXBuildFile; fileRef = 6D705A2C2BBD7B740038A9E9 /* Preview Assets.xcassets */; };
		6D787E4C2BE2994B0064267B /* UserDefaultUtil.swift in Sources */ = {isa = PBXBuildFile; fileRef = 6D787E4B2BE2994B0064267B /* UserDefaultUtil.swift */; };
		6D787E4E2BE299D70064267B /* StateManager.swift in Sources */ = {isa = PBXBuildFile; fileRef = 6D787E4D2BE299D70064267B /* StateManager.swift */; };
		6D787E522BE29A240064267B /* AppScreenLockViewModel.swift in Sources */ = {isa = PBXBuildFile; fileRef = 6D787E512BE29A240064267B /* AppScreenLockViewModel.swift */; };
		6D787E542BE29A4A0064267B /* AppScreenLockMode.swift in Sources */ = {isa = PBXBuildFile; fileRef = 6D787E532BE29A4A0064267B /* AppScreenLockMode.swift */; };
		6D787E562BE29A580064267B /* AppScreenLockView.swift in Sources */ = {isa = PBXBuildFile; fileRef = 6D787E552BE29A580064267B /* AppScreenLockView.swift */; };
		6D787E5B2BE29AF60064267B /* PasswordSettingView.swift in Sources */ = {isa = PBXBuildFile; fileRef = 6D787E5A2BE29AF60064267B /* PasswordSettingView.swift */; };
		6D787E5D2BE29B090064267B /* PasswordSettingViewModel.swift in Sources */ = {isa = PBXBuildFile; fileRef = 6D787E5C2BE29B090064267B /* PasswordSettingViewModel.swift */; };
		6D8610AF2BF5833E00A4D26A /* DiaryResponseView.swift in Sources */ = {isa = PBXBuildFile; fileRef = 6D8610AE2BF5833E00A4D26A /* DiaryResponseView.swift */; };
		6DA67AA42BC7BC0800209864 /* CalendarView.swift in Sources */ = {isa = PBXBuildFile; fileRef = 6DA67AA32BC7BC0800209864 /* CalendarView.swift */; };
		6DA6CED62BC8F74A003B30E0 /* EmotionDetailView.swift in Sources */ = {isa = PBXBuildFile; fileRef = 6DA6CED52BC8F74A003B30E0 /* EmotionDetailView.swift */; };
		6DA6CED82BC90E38003B30E0 /* EmotionViewModel.swift in Sources */ = {isa = PBXBuildFile; fileRef = 6DA6CED72BC90E38003B30E0 /* EmotionViewModel.swift */; };
		6DBAA2152BDC191900DCECCD /* DiaryWeatherView.swift in Sources */ = {isa = PBXBuildFile; fileRef = 6DBAA2142BDC191900DCECCD /* DiaryWeatherView.swift */; };
		6DBAA2172BDC274800DCECCD /* ImagePicker.swift in Sources */ = {isa = PBXBuildFile; fileRef = 6DBAA2162BDC274800DCECCD /* ImagePicker.swift */; };
		6DC5531A2BC67A5D005C358B /* MyPageView.swift in Sources */ = {isa = PBXBuildFile; fileRef = 6DC553192BC67A5D005C358B /* MyPageView.swift */; };
		6DC553262BC6CEEF005C358B /* KyoboHandwriting2021sjy.otf in Resources */ = {isa = PBXBuildFile; fileRef = 6DC553252BC6CEEF005C358B /* KyoboHandwriting2021sjy.otf */; };
		6DC553292BC6E11A005C358B /* SplashView.swift in Sources */ = {isa = PBXBuildFile; fileRef = 6DC553282BC6E11A005C358B /* SplashView.swift */; };
		6DCA61862BE64932004033A4 /* KakaoSDK in Frameworks */ = {isa = PBXBuildFile; productRef = 6DCA61852BE64932004033A4 /* KakaoSDK */; };
		6DCA61892BE64A16004033A4 /* MyAppDelegate.swift in Sources */ = {isa = PBXBuildFile; fileRef = 6DCA61882BE64A16004033A4 /* MyAppDelegate.swift */; };
		6DCA618B2BE64A2A004033A4 /* MySceneDelegate.swift in Sources */ = {isa = PBXBuildFile; fileRef = 6DCA618A2BE64A2A004033A4 /* MySceneDelegate.swift */; };
		6DCA618D2BE64A41004033A4 /* KakaoAuthViewModel.swift in Sources */ = {isa = PBXBuildFile; fileRef = 6DCA618C2BE64A41004033A4 /* KakaoAuthViewModel.swift */; };
		6DCD4CD52BEE907D00174224 /* ResponseView.swift in Sources */ = {isa = PBXBuildFile; fileRef = 6DCD4CD42BEE907D00174224 /* ResponseView.swift */; };
		6DCF7B6C2BE09C29009AB42A /* LocalNotification.swift in Sources */ = {isa = PBXBuildFile; fileRef = 6DCF7B6B2BE09C29009AB42A /* LocalNotification.swift */; };
		6DD04D9C2BF26B8D009DB012 /* DiaryIntroView.swift in Sources */ = {isa = PBXBuildFile; fileRef = 6DD04D9B2BF26B8D009DB012 /* DiaryIntroView.swift */; };
		6DE331E32BC51E1E00227A51 /* CalendarIntroView.swift in Sources */ = {isa = PBXBuildFile; fileRef = 6DE331E22BC51E1E00227A51 /* CalendarIntroView.swift */; };
		6DFF28E92BC3BB05003FE84A /* EmotionInputView.swift in Sources */ = {isa = PBXBuildFile; fileRef = 6DFF28E82BC3BB05003FE84A /* EmotionInputView.swift */; };
		6DFF28EC2BC3C020003FE84A /* CalendarDetailView.swift in Sources */ = {isa = PBXBuildFile; fileRef = 6DFF28EB2BC3C020003FE84A /* CalendarDetailView.swift */; };
		6DFF28EE2BC429DD003FE84A /* CalendarDateView.swift in Sources */ = {isa = PBXBuildFile; fileRef = 6DFF28ED2BC429DD003FE84A /* CalendarDateView.swift */; };
		6DFF28F12BC42CD1003FE84A /* CalendarViewModel.swift in Sources */ = {isa = PBXBuildFile; fileRef = 6DFF28F02BC42CD1003FE84A /* CalendarViewModel.swift */; };
/* End PBXBuildFile section */

/* Begin PBXFileReference section */
		6D00E83A2BC98BA5006E2FB2 /* DiaryInputView.swift */ = {isa = PBXFileReference; lastKnownFileType = sourcecode.swift; path = DiaryInputView.swift; sourceTree = "<group>"; };
		6D0230572BE015E100ABDD5F /* CapStoneDesign.entitlements */ = {isa = PBXFileReference; lastKnownFileType = text.plist.entitlements; path = CapStoneDesign.entitlements; sourceTree = "<group>"; };
		6D0230632BE01E8700ABDD5F /* AnnouncementView.swift */ = {isa = PBXFileReference; lastKnownFileType = sourcecode.swift; path = AnnouncementView.swift; sourceTree = "<group>"; };
		6D0230652BE01EF100ABDD5F /* ServiceCenterView.swift */ = {isa = PBXFileReference; lastKnownFileType = sourcecode.swift; path = ServiceCenterView.swift; sourceTree = "<group>"; };
		6D0230672BE01F2800ABDD5F /* AccountManagementView.swift */ = {isa = PBXFileReference; lastKnownFileType = sourcecode.swift; path = AccountManagementView.swift; sourceTree = "<group>"; };
		6D02306B2BE021BF00ABDD5F /* AnnouncementViewModel.swift */ = {isa = PBXFileReference; lastKnownFileType = sourcecode.swift; path = AnnouncementViewModel.swift; sourceTree = "<group>"; };
		6D0304002BC77165008114A0 /* InitialView.swift */ = {isa = PBXFileReference; lastKnownFileType = sourcecode.swift; path = InitialView.swift; sourceTree = "<group>"; };
		6D0304042BC7861F008114A0 /* InitialViewModel.swift */ = {isa = PBXFileReference; lastKnownFileType = sourcecode.swift; path = InitialViewModel.swift; sourceTree = "<group>"; };
		6D03040A2BC78EA8008114A0 /* 777Balsamtint.otf */ = {isa = PBXFileReference; lastKnownFileType = file; path = 777Balsamtint.otf; sourceTree = "<group>"; };
		6D04BB382BDE6A47005A2065 /* DiarySendView.swift */ = {isa = PBXFileReference; lastKnownFileType = sourcecode.swift; path = DiarySendView.swift; sourceTree = "<group>"; };
		6D18EB4A2BF690EE00ED0962 /* KeyboardMonitor.swift */ = {isa = PBXFileReference; lastKnownFileType = sourcecode.swift; path = KeyboardMonitor.swift; sourceTree = "<group>"; };
		6D18EB4C2BF6B5CB00ED0962 /* EmotionStatusViewModel.swift */ = {isa = PBXFileReference; lastKnownFileType = sourcecode.swift; path = EmotionStatusViewModel.swift; sourceTree = "<group>"; };
		6D2D8D832BE8562100AF01E8 /* Service.swift */ = {isa = PBXFileReference; lastKnownFileType = sourcecode.swift; path = Service.swift; sourceTree = "<group>"; };
		6D2D8D862BE8564C00AF01E8 /* ViewModel.swift */ = {isa = PBXFileReference; lastKnownFileType = sourcecode.swift; path = ViewModel.swift; sourceTree = "<group>"; };
		6D2E8FCF2BF4F9EA005B7BA8 /* DiaryViewModel.swift */ = {isa = PBXFileReference; lastKnownFileType = sourcecode.swift; path = DiaryViewModel.swift; sourceTree = "<group>"; };
		6D54DD222BC5BF9F008F839E /* EmotionalStatusView.swift */ = {isa = PBXFileReference; lastKnownFileType = sourcecode.swift; path = EmotionalStatusView.swift; sourceTree = "<group>"; };
		6D57FDB82BFB9520000C4CA6 /* WebView.swift */ = {isa = PBXFileReference; lastKnownFileType = sourcecode.swift; path = WebView.swift; sourceTree = "<group>"; };
		6D5EE72A2BE6E5E600A6D428 /* TokenManager.swift */ = {isa = PBXFileReference; lastKnownFileType = sourcecode.swift; path = TokenManager.swift; sourceTree = "<group>"; };
		6D6132472BE3517000B879AB /* EmotionGraphIntroView.swift */ = {isa = PBXFileReference; lastKnownFileType = sourcecode.swift; path = EmotionGraphIntroView.swift; sourceTree = "<group>"; };
		6D705A222BBD7B740038A9E9 /* CapStoneDesign.app */ = {isa = PBXFileReference; explicitFileType = wrapper.application; includeInIndex = 0; path = CapStoneDesign.app; sourceTree = BUILT_PRODUCTS_DIR; };
		6D705A252BBD7B740038A9E9 /* CapStoneDesignApp.swift */ = {isa = PBXFileReference; lastKnownFileType = sourcecode.swift; path = CapStoneDesignApp.swift; sourceTree = "<group>"; };
		6D705A272BBD7B740038A9E9 /* TabBarView.swift */ = {isa = PBXFileReference; lastKnownFileType = sourcecode.swift; path = TabBarView.swift; sourceTree = "<group>"; };
		6D705A292BBD7B740038A9E9 /* Assets.xcassets */ = {isa = PBXFileReference; lastKnownFileType = folder.assetcatalog; path = Assets.xcassets; sourceTree = "<group>"; };
		6D705A2C2BBD7B740038A9E9 /* Preview Assets.xcassets */ = {isa = PBXFileReference; lastKnownFileType = folder.assetcatalog; path = "Preview Assets.xcassets"; sourceTree = "<group>"; };
		6D787E4B2BE2994B0064267B /* UserDefaultUtil.swift */ = {isa = PBXFileReference; lastKnownFileType = sourcecode.swift; path = UserDefaultUtil.swift; sourceTree = "<group>"; };
		6D787E4D2BE299D70064267B /* StateManager.swift */ = {isa = PBXFileReference; lastKnownFileType = sourcecode.swift; path = StateManager.swift; sourceTree = "<group>"; };
		6D787E512BE29A240064267B /* AppScreenLockViewModel.swift */ = {isa = PBXFileReference; lastKnownFileType = sourcecode.swift; path = AppScreenLockViewModel.swift; sourceTree = "<group>"; };
		6D787E532BE29A4A0064267B /* AppScreenLockMode.swift */ = {isa = PBXFileReference; lastKnownFileType = sourcecode.swift; path = AppScreenLockMode.swift; sourceTree = "<group>"; };
		6D787E552BE29A580064267B /* AppScreenLockView.swift */ = {isa = PBXFileReference; lastKnownFileType = sourcecode.swift; path = AppScreenLockView.swift; sourceTree = "<group>"; };
		6D787E5A2BE29AF60064267B /* PasswordSettingView.swift */ = {isa = PBXFileReference; lastKnownFileType = sourcecode.swift; path = PasswordSettingView.swift; sourceTree = "<group>"; };
		6D787E5C2BE29B090064267B /* PasswordSettingViewModel.swift */ = {isa = PBXFileReference; lastKnownFileType = sourcecode.swift; path = PasswordSettingViewModel.swift; sourceTree = "<group>"; };
		6D8610AE2BF5833E00A4D26A /* DiaryResponseView.swift */ = {isa = PBXFileReference; lastKnownFileType = sourcecode.swift; path = DiaryResponseView.swift; sourceTree = "<group>"; };
		6DA67AA32BC7BC0800209864 /* CalendarView.swift */ = {isa = PBXFileReference; lastKnownFileType = sourcecode.swift; path = CalendarView.swift; sourceTree = "<group>"; };
		6DA6CED52BC8F74A003B30E0 /* EmotionDetailView.swift */ = {isa = PBXFileReference; lastKnownFileType = sourcecode.swift; path = EmotionDetailView.swift; sourceTree = "<group>"; };
		6DA6CED72BC90E38003B30E0 /* EmotionViewModel.swift */ = {isa = PBXFileReference; lastKnownFileType = sourcecode.swift; path = EmotionViewModel.swift; sourceTree = "<group>"; };
		6DBAA2142BDC191900DCECCD /* DiaryWeatherView.swift */ = {isa = PBXFileReference; lastKnownFileType = sourcecode.swift; path = DiaryWeatherView.swift; sourceTree = "<group>"; };
		6DBAA2162BDC274800DCECCD /* ImagePicker.swift */ = {isa = PBXFileReference; lastKnownFileType = sourcecode.swift; path = ImagePicker.swift; sourceTree = "<group>"; };
		6DC553192BC67A5D005C358B /* MyPageView.swift */ = {isa = PBXFileReference; lastKnownFileType = sourcecode.swift; path = MyPageView.swift; sourceTree = "<group>"; };
		6DC553252BC6CEEF005C358B /* KyoboHandwriting2021sjy.otf */ = {isa = PBXFileReference; lastKnownFileType = file; path = KyoboHandwriting2021sjy.otf; sourceTree = "<group>"; };
		6DC553272BC6D26F005C358B /* Info.plist */ = {isa = PBXFileReference; lastKnownFileType = text.plist; path = Info.plist; sourceTree = "<group>"; };
		6DC553282BC6E11A005C358B /* SplashView.swift */ = {isa = PBXFileReference; lastKnownFileType = sourcecode.swift; path = SplashView.swift; sourceTree = "<group>"; };
		6DCA61872BE6498C004033A4 /* Config.xcconfig */ = {isa = PBXFileReference; lastKnownFileType = text.xcconfig; path = Config.xcconfig; sourceTree = "<group>"; };
		6DCA61882BE64A16004033A4 /* MyAppDelegate.swift */ = {isa = PBXFileReference; lastKnownFileType = sourcecode.swift; path = MyAppDelegate.swift; sourceTree = "<group>"; };
		6DCA618A2BE64A2A004033A4 /* MySceneDelegate.swift */ = {isa = PBXFileReference; lastKnownFileType = sourcecode.swift; path = MySceneDelegate.swift; sourceTree = "<group>"; };
		6DCA618C2BE64A41004033A4 /* KakaoAuthViewModel.swift */ = {isa = PBXFileReference; lastKnownFileType = sourcecode.swift; path = KakaoAuthViewModel.swift; sourceTree = "<group>"; };
		6DCD4CD42BEE907D00174224 /* ResponseView.swift */ = {isa = PBXFileReference; lastKnownFileType = sourcecode.swift; path = ResponseView.swift; sourceTree = "<group>"; };
		6DCF7B6B2BE09C29009AB42A /* LocalNotification.swift */ = {isa = PBXFileReference; lastKnownFileType = sourcecode.swift; path = LocalNotification.swift; sourceTree = "<group>"; };
		6DD04D9B2BF26B8D009DB012 /* DiaryIntroView.swift */ = {isa = PBXFileReference; lastKnownFileType = sourcecode.swift; path = DiaryIntroView.swift; sourceTree = "<group>"; };
		6DE331E22BC51E1E00227A51 /* CalendarIntroView.swift */ = {isa = PBXFileReference; lastKnownFileType = sourcecode.swift; path = CalendarIntroView.swift; sourceTree = "<group>"; };
		6DFF28E82BC3BB05003FE84A /* EmotionInputView.swift */ = {isa = PBXFileReference; lastKnownFileType = sourcecode.swift; path = EmotionInputView.swift; sourceTree = "<group>"; };
		6DFF28EB2BC3C020003FE84A /* CalendarDetailView.swift */ = {isa = PBXFileReference; lastKnownFileType = sourcecode.swift; path = CalendarDetailView.swift; sourceTree = "<group>"; };
		6DFF28ED2BC429DD003FE84A /* CalendarDateView.swift */ = {isa = PBXFileReference; lastKnownFileType = sourcecode.swift; path = CalendarDateView.swift; sourceTree = "<group>"; };
		6DFF28F02BC42CD1003FE84A /* CalendarViewModel.swift */ = {isa = PBXFileReference; lastKnownFileType = sourcecode.swift; path = CalendarViewModel.swift; sourceTree = "<group>"; };
/* End PBXFileReference section */

/* Begin PBXFrameworksBuildPhase section */
		6D705A1F2BBD7B740038A9E9 /* Frameworks */ = {
			isa = PBXFrameworksBuildPhase;
			buildActionMask = 2147483647;
			files = (
				6D2E8FD32BF51732005B7BA8 /* Kingfisher in Frameworks */,
				6DCA61862BE64932004033A4 /* KakaoSDK in Frameworks */,
			);
			runOnlyForDeploymentPostprocessing = 0;
		};
/* End PBXFrameworksBuildPhase section */

/* Begin PBXGroup section */
		6D18EB492BF690C600ED0962 /* KeyBoard */ = {
			isa = PBXGroup;
			children = (
				6D18EB4A2BF690EE00ED0962 /* KeyboardMonitor.swift */,
			);
			path = KeyBoard;
			sourceTree = "<group>";
		};
		6D2D8D852BE8562600AF01E8 /* API */ = {
			isa = PBXGroup;
			children = (
				6D2D8D832BE8562100AF01E8 /* Service.swift */,
				6D2D8D862BE8564C00AF01E8 /* ViewModel.swift */,
			);
			path = API;
			sourceTree = "<group>";
		};
		6D3D96792BC1D2B800A8A0E6 /* Main */ = {
			isa = PBXGroup;
			children = (
				6D705A272BBD7B740038A9E9 /* TabBarView.swift */,
				6DC553282BC6E11A005C358B /* SplashView.swift */,
				6D0304002BC77165008114A0 /* InitialView.swift */,
				6D0304042BC7861F008114A0 /* InitialViewModel.swift */,
			);
			path = Main;
			sourceTree = "<group>";
		};
		6D705A192BBD7B730038A9E9 = {
			isa = PBXGroup;
			children = (
				6D705A242BBD7B740038A9E9 /* CapStoneDesign */,
				6D705A232BBD7B740038A9E9 /* Products */,
			);
			sourceTree = "<group>";
		};
		6D705A232BBD7B740038A9E9 /* Products */ = {
			isa = PBXGroup;
			children = (
				6D705A222BBD7B740038A9E9 /* CapStoneDesign.app */,
			);
			name = Products;
			sourceTree = "<group>";
		};
		6D705A242BBD7B740038A9E9 /* CapStoneDesign */ = {
			isa = PBXGroup;
			children = (
				6D0230572BE015E100ABDD5F /* CapStoneDesign.entitlements */,
				6DC553272BC6D26F005C358B /* Info.plist */,
				6D705A252BBD7B740038A9E9 /* CapStoneDesignApp.swift */,
				6D3D96792BC1D2B800A8A0E6 /* Main */,
				6DE331E72BC54BEF00227A51 /* Calendar */,
				6DE331E82BC54C4400227A51 /* Diary */,
				6DE331EB2BC54CC800227A51 /* Graph */,
				6DE331EE2BC54CE300227A51 /* MyPage */,
				6D787E4F2BE299E00064267B /* Common */,
				6D787E502BE299FE0064267B /* AppScreenLock */,
				6D787E572BE29AB40064267B /* PasswordSetting */,
				6DCA61832BE64867004033A4 /* SocialLogin */,
				6D2D8D852BE8562600AF01E8 /* API */,
				6D18EB492BF690C600ED0962 /* KeyBoard */,
				6D705A292BBD7B740038A9E9 /* Assets.xcassets */,
				6DC553202BC6CCF3005C358B /* Resources */,
				6D705A2B2BBD7B740038A9E9 /* Preview Content */,
				6DCA61872BE6498C004033A4 /* Config.xcconfig */,
			);
			path = CapStoneDesign;
			sourceTree = "<group>";
		};
		6D705A2B2BBD7B740038A9E9 /* Preview Content */ = {
			isa = PBXGroup;
			children = (
				6D705A2C2BBD7B740038A9E9 /* Preview Assets.xcassets */,
			);
			path = "Preview Content";
			sourceTree = "<group>";
		};
		6D787E4F2BE299E00064267B /* Common */ = {
			isa = PBXGroup;
			children = (
				6D787E4D2BE299D70064267B /* StateManager.swift */,
				6D787E4B2BE2994B0064267B /* UserDefaultUtil.swift */,
			);
			path = Common;
			sourceTree = "<group>";
		};
		6D787E502BE299FE0064267B /* AppScreenLock */ = {
			isa = PBXGroup;
			children = (
				6D787E512BE29A240064267B /* AppScreenLockViewModel.swift */,
				6D787E532BE29A4A0064267B /* AppScreenLockMode.swift */,
				6D787E552BE29A580064267B /* AppScreenLockView.swift */,
			);
			path = AppScreenLock;
			sourceTree = "<group>";
		};
		6D787E572BE29AB40064267B /* PasswordSetting */ = {
			isa = PBXGroup;
			children = (
				6D787E5A2BE29AF60064267B /* PasswordSettingView.swift */,
				6D787E5C2BE29B090064267B /* PasswordSettingViewModel.swift */,
			);
			path = PasswordSetting;
			sourceTree = "<group>";
		};
		6DC5531D2BC6CBD8005C358B /* Fonts */ = {
			isa = PBXGroup;
			children = (
				6D03040A2BC78EA8008114A0 /* 777Balsamtint.otf */,
				6DC553252BC6CEEF005C358B /* KyoboHandwriting2021sjy.otf */,
			);
			path = Fonts;
			sourceTree = "<group>";
		};
		6DC553202BC6CCF3005C358B /* Resources */ = {
			isa = PBXGroup;
			children = (
				6DC5531D2BC6CBD8005C358B /* Fonts */,
			);
			path = Resources;
			sourceTree = "<group>";
		};
		6DCA61832BE64867004033A4 /* SocialLogin */ = {
			isa = PBXGroup;
			children = (
				6DCA61882BE64A16004033A4 /* MyAppDelegate.swift */,
				6DCA618A2BE64A2A004033A4 /* MySceneDelegate.swift */,
				6DCA618C2BE64A41004033A4 /* KakaoAuthViewModel.swift */,
				6D5EE72A2BE6E5E600A6D428 /* TokenManager.swift */,
			);
			path = SocialLogin;
			sourceTree = "<group>";
		};
		6DE331E72BC54BEF00227A51 /* Calendar */ = {
			isa = PBXGroup;
			children = (
				6DE331E22BC51E1E00227A51 /* CalendarIntroView.swift */,
				6DA67AA32BC7BC0800209864 /* CalendarView.swift */,
				6DFF28ED2BC429DD003FE84A /* CalendarDateView.swift */,
				6DFF28EB2BC3C020003FE84A /* CalendarDetailView.swift */,
				6DFF28F02BC42CD1003FE84A /* CalendarViewModel.swift */,
				6D2E8FCF2BF4F9EA005B7BA8 /* DiaryViewModel.swift */,
				6D8610AE2BF5833E00A4D26A /* DiaryResponseView.swift */,
			);
			path = Calendar;
			sourceTree = "<group>";
		};
		6DE331E82BC54C4400227A51 /* Diary */ = {
			isa = PBXGroup;
			children = (
				6DFF28E82BC3BB05003FE84A /* EmotionInputView.swift */,
				6DCD4CD42BEE907D00174224 /* ResponseView.swift */,
				6DA6CED52BC8F74A003B30E0 /* EmotionDetailView.swift */,
				6DA6CED72BC90E38003B30E0 /* EmotionViewModel.swift */,
				6D00E83A2BC98BA5006E2FB2 /* DiaryInputView.swift */,
				6DBAA2142BDC191900DCECCD /* DiaryWeatherView.swift */,
				6DBAA2162BDC274800DCECCD /* ImagePicker.swift */,
				6D04BB382BDE6A47005A2065 /* DiarySendView.swift */,
				6DD04D9B2BF26B8D009DB012 /* DiaryIntroView.swift */,
			);
			path = Diary;
			sourceTree = "<group>";
		};
		6DE331EB2BC54CC800227A51 /* Graph */ = {
			isa = PBXGroup;
			children = (
				6D54DD222BC5BF9F008F839E /* EmotionalStatusView.swift */,
				6D6132472BE3517000B879AB /* EmotionGraphIntroView.swift */,
				6D18EB4C2BF6B5CB00ED0962 /* EmotionStatusViewModel.swift */,
			);
			path = Graph;
			sourceTree = "<group>";
		};
		6DE331EE2BC54CE300227A51 /* MyPage */ = {
			isa = PBXGroup;
			children = (
				6DC553192BC67A5D005C358B /* MyPageView.swift */,
				6DCF7B6B2BE09C29009AB42A /* LocalNotification.swift */,
				6D0230652BE01EF100ABDD5F /* ServiceCenterView.swift */,
				6D0230632BE01E8700ABDD5F /* AnnouncementView.swift */,
				6D02306B2BE021BF00ABDD5F /* AnnouncementViewModel.swift */,
				6D0230672BE01F2800ABDD5F /* AccountManagementView.swift */,
				6D57FDB82BFB9520000C4CA6 /* WebView.swift */,
			);
			path = MyPage;
			sourceTree = "<group>";
		};
/* End PBXGroup section */

/* Begin PBXNativeTarget section */
		6D705A212BBD7B740038A9E9 /* CapStoneDesign */ = {
			isa = PBXNativeTarget;
			buildConfigurationList = 6D705A302BBD7B740038A9E9 /* Build configuration list for PBXNativeTarget "CapStoneDesign" */;
			buildPhases = (
				6D705A1E2BBD7B740038A9E9 /* Sources */,
				6D705A1F2BBD7B740038A9E9 /* Frameworks */,
				6D705A202BBD7B740038A9E9 /* Resources */,
			);
			buildRules = (
			);
			dependencies = (
			);
			name = CapStoneDesign;
			packageProductDependencies = (
				6DCA61852BE64932004033A4 /* KakaoSDK */,
				6D2E8FD22BF51732005B7BA8 /* Kingfisher */,
			);
			productName = CapStoneDesign;
			productReference = 6D705A222BBD7B740038A9E9 /* CapStoneDesign.app */;
			productType = "com.apple.product-type.application";
		};
/* End PBXNativeTarget section */

/* Begin PBXProject section */
		6D705A1A2BBD7B730038A9E9 /* Project object */ = {
			isa = PBXProject;
			attributes = {
				BuildIndependentTargetsInParallel = 1;
				LastSwiftUpdateCheck = 1530;
				LastUpgradeCheck = 1530;
				TargetAttributes = {
					6D705A212BBD7B740038A9E9 = {
						CreatedOnToolsVersion = 15.3;
					};
				};
			};
			buildConfigurationList = 6D705A1D2BBD7B730038A9E9 /* Build configuration list for PBXProject "CapStoneDesign" */;
			compatibilityVersion = "Xcode 14.0";
			developmentRegion = en;
			hasScannedForEncodings = 0;
			knownRegions = (
				en,
				Base,
			);
			mainGroup = 6D705A192BBD7B730038A9E9;
			packageReferences = (
				6DCA61842BE64932004033A4 /* XCRemoteSwiftPackageReference "kakao-ios-sdk" */,
				6D2E8FD12BF51732005B7BA8 /* XCRemoteSwiftPackageReference "Kingfisher" */,
			);
			productRefGroup = 6D705A232BBD7B740038A9E9 /* Products */;
			projectDirPath = "";
			projectRoot = "";
			targets = (
				6D705A212BBD7B740038A9E9 /* CapStoneDesign */,
			);
		};
/* End PBXProject section */

/* Begin PBXResourcesBuildPhase section */
		6D705A202BBD7B740038A9E9 /* Resources */ = {
			isa = PBXResourcesBuildPhase;
			buildActionMask = 2147483647;
			files = (
				6D03040B2BC78EA8008114A0 /* 777Balsamtint.otf in Resources */,
				6DC553262BC6CEEF005C358B /* KyoboHandwriting2021sjy.otf in Resources */,
				6D705A2D2BBD7B740038A9E9 /* Preview Assets.xcassets in Resources */,
				6D705A2A2BBD7B740038A9E9 /* Assets.xcassets in Resources */,
			);
			runOnlyForDeploymentPostprocessing = 0;
		};
/* End PBXResourcesBuildPhase section */

/* Begin PBXSourcesBuildPhase section */
		6D705A1E2BBD7B740038A9E9 /* Sources */ = {
			isa = PBXSourcesBuildPhase;
			buildActionMask = 2147483647;
			files = (
				6D6132482BE3517000B879AB /* EmotionGraphIntroView.swift in Sources */,
				6D57FDB92BFB9520000C4CA6 /* WebView.swift in Sources */,
				6DFF28F12BC42CD1003FE84A /* CalendarViewModel.swift in Sources */,
				6DA67AA42BC7BC0800209864 /* CalendarView.swift in Sources */,
				6DFF28EE2BC429DD003FE84A /* CalendarDateView.swift in Sources */,
				6DCA61892BE64A16004033A4 /* MyAppDelegate.swift in Sources */,
				6D0304012BC77165008114A0 /* InitialView.swift in Sources */,
				6DFF28EC2BC3C020003FE84A /* CalendarDetailView.swift in Sources */,
				6D787E522BE29A240064267B /* AppScreenLockViewModel.swift in Sources */,
				6D02306C2BE021BF00ABDD5F /* AnnouncementViewModel.swift in Sources */,
				6D18EB4B2BF690EE00ED0962 /* KeyboardMonitor.swift in Sources */,
				6D787E4C2BE2994B0064267B /* UserDefaultUtil.swift in Sources */,
				6DCF7B6C2BE09C29009AB42A /* LocalNotification.swift in Sources */,
				6D787E5B2BE29AF60064267B /* PasswordSettingView.swift in Sources */,
				6D2E8FD02BF4F9EA005B7BA8 /* DiaryViewModel.swift in Sources */,
				6D787E5D2BE29B090064267B /* PasswordSettingViewModel.swift in Sources */,
				6D705A282BBD7B740038A9E9 /* TabBarView.swift in Sources */,
				6D787E4E2BE299D70064267B /* StateManager.swift in Sources */,
				6D0304052BC7861F008114A0 /* InitialViewModel.swift in Sources */,
				6DA6CED82BC90E38003B30E0 /* EmotionViewModel.swift in Sources */,
				6D18EB4D2BF6B5CB00ED0962 /* EmotionStatusViewModel.swift in Sources */,
				6DD04D9C2BF26B8D009DB012 /* DiaryIntroView.swift in Sources */,
				6D2D8D842BE8562100AF01E8 /* Service.swift in Sources */,
				6D8610AF2BF5833E00A4D26A /* DiaryResponseView.swift in Sources */,
				6DCA618B2BE64A2A004033A4 /* MySceneDelegate.swift in Sources */,
				6D54DD232BC5BF9F008F839E /* EmotionalStatusView.swift in Sources */,
				6DC5531A2BC67A5D005C358B /* MyPageView.swift in Sources */,
				6D2D8D872BE8564C00AF01E8 /* ViewModel.swift in Sources */,
				6D705A262BBD7B740038A9E9 /* CapStoneDesignApp.swift in Sources */,
				6DE331E32BC51E1E00227A51 /* CalendarIntroView.swift in Sources */,
				6D787E542BE29A4A0064267B /* AppScreenLockMode.swift in Sources */,
				6D0230662BE01EF100ABDD5F /* ServiceCenterView.swift in Sources */,
				6DA6CED62BC8F74A003B30E0 /* EmotionDetailView.swift in Sources */,
				6DFF28E92BC3BB05003FE84A /* EmotionInputView.swift in Sources */,
				6DCD4CD52BEE907D00174224 /* ResponseView.swift in Sources */,
				6D787E562BE29A580064267B /* AppScreenLockView.swift in Sources */,
				6D04BB392BDE6A47005A2065 /* DiarySendView.swift in Sources */,
				6D00E83B2BC98BA5006E2FB2 /* DiaryInputView.swift in Sources */,
				6DC553292BC6E11A005C358B /* SplashView.swift in Sources */,
				6DCA618D2BE64A41004033A4 /* KakaoAuthViewModel.swift in Sources */,
				6D0230682BE01F2800ABDD5F /* AccountManagementView.swift in Sources */,
				6D5EE72B2BE6E5E600A6D428 /* TokenManager.swift in Sources */,
				6DBAA2172BDC274800DCECCD /* ImagePicker.swift in Sources */,
				6D0230642BE01E8700ABDD5F /* AnnouncementView.swift in Sources */,
				6DBAA2152BDC191900DCECCD /* DiaryWeatherView.swift in Sources */,
			);
			runOnlyForDeploymentPostprocessing = 0;
		};
/* End PBXSourcesBuildPhase section */

/* Begin XCBuildConfiguration section */
		6D705A2E2BBD7B740038A9E9 /* Debug */ = {
			isa = XCBuildConfiguration;
			baseConfigurationReference = 6DCA61872BE6498C004033A4 /* Config.xcconfig */;
			buildSettings = {
				ALWAYS_SEARCH_USER_PATHS = NO;
				ASSETCATALOG_COMPILER_GENERATE_SWIFT_ASSET_SYMBOL_EXTENSIONS = YES;
				CLANG_ANALYZER_NONNULL = YES;
				CLANG_ANALYZER_NUMBER_OBJECT_CONVERSION = YES_AGGRESSIVE;
				CLANG_CXX_LANGUAGE_STANDARD = "gnu++20";
				CLANG_ENABLE_MODULES = YES;
				CLANG_ENABLE_OBJC_ARC = YES;
				CLANG_ENABLE_OBJC_WEAK = YES;
				CLANG_WARN_BLOCK_CAPTURE_AUTORELEASING = YES;
				CLANG_WARN_BOOL_CONVERSION = YES;
				CLANG_WARN_COMMA = YES;
				CLANG_WARN_CONSTANT_CONVERSION = YES;
				CLANG_WARN_DEPRECATED_OBJC_IMPLEMENTATIONS = YES;
				CLANG_WARN_DIRECT_OBJC_ISA_USAGE = YES_ERROR;
				CLANG_WARN_DOCUMENTATION_COMMENTS = YES;
				CLANG_WARN_EMPTY_BODY = YES;
				CLANG_WARN_ENUM_CONVERSION = YES;
				CLANG_WARN_INFINITE_RECURSION = YES;
				CLANG_WARN_INT_CONVERSION = YES;
				CLANG_WARN_NON_LITERAL_NULL_CONVERSION = YES;
				CLANG_WARN_OBJC_IMPLICIT_RETAIN_SELF = YES;
				CLANG_WARN_OBJC_LITERAL_CONVERSION = YES;
				CLANG_WARN_OBJC_ROOT_CLASS = YES_ERROR;
				CLANG_WARN_QUOTED_INCLUDE_IN_FRAMEWORK_HEADER = YES;
				CLANG_WARN_RANGE_LOOP_ANALYSIS = YES;
				CLANG_WARN_STRICT_PROTOTYPES = YES;
				CLANG_WARN_SUSPICIOUS_MOVE = YES;
				CLANG_WARN_UNGUARDED_AVAILABILITY = YES_AGGRESSIVE;
				CLANG_WARN_UNREACHABLE_CODE = YES;
				CLANG_WARN__DUPLICATE_METHOD_MATCH = YES;
				COPY_PHASE_STRIP = NO;
				DEBUG_INFORMATION_FORMAT = dwarf;
				ENABLE_STRICT_OBJC_MSGSEND = YES;
				ENABLE_TESTABILITY = YES;
				ENABLE_USER_SCRIPT_SANDBOXING = YES;
				GCC_C_LANGUAGE_STANDARD = gnu17;
				GCC_DYNAMIC_NO_PIC = NO;
				GCC_NO_COMMON_BLOCKS = YES;
				GCC_OPTIMIZATION_LEVEL = 0;
				GCC_PREPROCESSOR_DEFINITIONS = (
					"DEBUG=1",
					"$(inherited)",
				);
				GCC_WARN_64_TO_32_BIT_CONVERSION = YES;
				GCC_WARN_ABOUT_RETURN_TYPE = YES_ERROR;
				GCC_WARN_UNDECLARED_SELECTOR = YES;
				GCC_WARN_UNINITIALIZED_AUTOS = YES_AGGRESSIVE;
				GCC_WARN_UNUSED_FUNCTION = YES;
				GCC_WARN_UNUSED_VARIABLE = YES;
				IPHONEOS_DEPLOYMENT_TARGET = 17.4;
				LOCALIZATION_PREFERS_STRING_CATALOGS = YES;
				MTL_ENABLE_DEBUG_INFO = INCLUDE_SOURCE;
				MTL_FAST_MATH = YES;
				ONLY_ACTIVE_ARCH = YES;
				SDKROOT = iphoneos;
				SWIFT_ACTIVE_COMPILATION_CONDITIONS = "DEBUG $(inherited)";
				SWIFT_OPTIMIZATION_LEVEL = "-Onone";
			};
			name = Debug;
		};
		6D705A2F2BBD7B740038A9E9 /* Release */ = {
			isa = XCBuildConfiguration;
			baseConfigurationReference = 6DCA61872BE6498C004033A4 /* Config.xcconfig */;
			buildSettings = {
				ALWAYS_SEARCH_USER_PATHS = NO;
				ASSETCATALOG_COMPILER_GENERATE_SWIFT_ASSET_SYMBOL_EXTENSIONS = YES;
				CLANG_ANALYZER_NONNULL = YES;
				CLANG_ANALYZER_NUMBER_OBJECT_CONVERSION = YES_AGGRESSIVE;
				CLANG_CXX_LANGUAGE_STANDARD = "gnu++20";
				CLANG_ENABLE_MODULES = YES;
				CLANG_ENABLE_OBJC_ARC = YES;
				CLANG_ENABLE_OBJC_WEAK = YES;
				CLANG_WARN_BLOCK_CAPTURE_AUTORELEASING = YES;
				CLANG_WARN_BOOL_CONVERSION = YES;
				CLANG_WARN_COMMA = YES;
				CLANG_WARN_CONSTANT_CONVERSION = YES;
				CLANG_WARN_DEPRECATED_OBJC_IMPLEMENTATIONS = YES;
				CLANG_WARN_DIRECT_OBJC_ISA_USAGE = YES_ERROR;
				CLANG_WARN_DOCUMENTATION_COMMENTS = YES;
				CLANG_WARN_EMPTY_BODY = YES;
				CLANG_WARN_ENUM_CONVERSION = YES;
				CLANG_WARN_INFINITE_RECURSION = YES;
				CLANG_WARN_INT_CONVERSION = YES;
				CLANG_WARN_NON_LITERAL_NULL_CONVERSION = YES;
				CLANG_WARN_OBJC_IMPLICIT_RETAIN_SELF = YES;
				CLANG_WARN_OBJC_LITERAL_CONVERSION = YES;
				CLANG_WARN_OBJC_ROOT_CLASS = YES_ERROR;
				CLANG_WARN_QUOTED_INCLUDE_IN_FRAMEWORK_HEADER = YES;
				CLANG_WARN_RANGE_LOOP_ANALYSIS = YES;
				CLANG_WARN_STRICT_PROTOTYPES = YES;
				CLANG_WARN_SUSPICIOUS_MOVE = YES;
				CLANG_WARN_UNGUARDED_AVAILABILITY = YES_AGGRESSIVE;
				CLANG_WARN_UNREACHABLE_CODE = YES;
				CLANG_WARN__DUPLICATE_METHOD_MATCH = YES;
				COPY_PHASE_STRIP = NO;
				DEBUG_INFORMATION_FORMAT = "dwarf-with-dsym";
				ENABLE_NS_ASSERTIONS = NO;
				ENABLE_STRICT_OBJC_MSGSEND = YES;
				ENABLE_USER_SCRIPT_SANDBOXING = YES;
				GCC_C_LANGUAGE_STANDARD = gnu17;
				GCC_NO_COMMON_BLOCKS = YES;
				GCC_WARN_64_TO_32_BIT_CONVERSION = YES;
				GCC_WARN_ABOUT_RETURN_TYPE = YES_ERROR;
				GCC_WARN_UNDECLARED_SELECTOR = YES;
				GCC_WARN_UNINITIALIZED_AUTOS = YES_AGGRESSIVE;
				GCC_WARN_UNUSED_FUNCTION = YES;
				GCC_WARN_UNUSED_VARIABLE = YES;
				IPHONEOS_DEPLOYMENT_TARGET = 17.4;
				LOCALIZATION_PREFERS_STRING_CATALOGS = YES;
				MTL_ENABLE_DEBUG_INFO = NO;
				MTL_FAST_MATH = YES;
				SDKROOT = iphoneos;
				SWIFT_COMPILATION_MODE = wholemodule;
				VALIDATE_PRODUCT = YES;
			};
			name = Release;
		};
		6D705A312BBD7B740038A9E9 /* Debug */ = {
			isa = XCBuildConfiguration;
			baseConfigurationReference = 6DCA61872BE6498C004033A4 /* Config.xcconfig */;
			buildSettings = {
				ASSETCATALOG_COMPILER_APPICON_NAME = AppIcon;
				ASSETCATALOG_COMPILER_GLOBAL_ACCENT_COLOR_NAME = AccentColor;
				CODE_SIGN_ENTITLEMENTS = CapStoneDesign/CapStoneDesign.entitlements;
				CODE_SIGN_STYLE = Automatic;
				CURRENT_PROJECT_VERSION = 1;
				DEVELOPMENT_ASSET_PATHS = "\"CapStoneDesign/Preview Content\"";
				DEVELOPMENT_TEAM = 23SCTLK482;
				ENABLE_PREVIEWS = YES;
				GENERATE_INFOPLIST_FILE = YES;
				INFOPLIST_FILE = CapStoneDesign/Info.plist;
				INFOPLIST_KEY_CFBundleDisplayName = MoodMingle;
				INFOPLIST_KEY_LSApplicationCategoryType = "public.app-category.lifestyle";
				INFOPLIST_KEY_UIApplicationSceneManifest_Generation = YES;
				INFOPLIST_KEY_UIApplicationSupportsIndirectInputEvents = YES;
				INFOPLIST_KEY_UILaunchScreen_Generation = YES;
				INFOPLIST_KEY_UIRequiresFullScreen = NO;
				INFOPLIST_KEY_UIStatusBarHidden = NO;
				INFOPLIST_KEY_UIStatusBarStyle = "";
				INFOPLIST_KEY_UISupportedInterfaceOrientations = UIInterfaceOrientationPortrait;
				INFOPLIST_KEY_UIUserInterfaceStyle = Light;
				IPHONEOS_DEPLOYMENT_TARGET = 17.0;
				LD_RUNPATH_SEARCH_PATHS = (
					"$(inherited)",
					"@executable_path/Frameworks",
				);
				MARKETING_VERSION = 1.0;
				PRODUCT_BUNDLE_IDENTIFIER = com.riu.MoodMingle;
				PRODUCT_NAME = "$(TARGET_NAME)";
				SUPPORTED_PLATFORMS = "iphoneos iphonesimulator";
				SUPPORTS_MACCATALYST = NO;
				SUPPORTS_MAC_DESIGNED_FOR_IPHONE_IPAD = NO;
				SUPPORTS_XR_DESIGNED_FOR_IPHONE_IPAD = NO;
				SWIFT_EMIT_LOC_STRINGS = YES;
				SWIFT_VERSION = 5.0;
				TARGETED_DEVICE_FAMILY = 1;
			};
			name = Debug;
		};
		6D705A322BBD7B740038A9E9 /* Release */ = {
			isa = XCBuildConfiguration;
			baseConfigurationReference = 6DCA61872BE6498C004033A4 /* Config.xcconfig */;
			buildSettings = {
				ASSETCATALOG_COMPILER_APPICON_NAME = AppIcon;
				ASSETCATALOG_COMPILER_GLOBAL_ACCENT_COLOR_NAME = AccentColor;
				CODE_SIGN_ENTITLEMENTS = CapStoneDesign/CapStoneDesign.entitlements;
				CODE_SIGN_STYLE = Automatic;
				CURRENT_PROJECT_VERSION = 1;
				DEVELOPMENT_ASSET_PATHS = "\"CapStoneDesign/Preview Content\"";
				DEVELOPMENT_TEAM = 23SCTLK482;
				ENABLE_PREVIEWS = YES;
				GENERATE_INFOPLIST_FILE = YES;
				INFOPLIST_FILE = CapStoneDesign/Info.plist;
				INFOPLIST_KEY_CFBundleDisplayName = MoodMingle;
				INFOPLIST_KEY_LSApplicationCategoryType = "public.app-category.lifestyle";
				INFOPLIST_KEY_UIApplicationSceneManifest_Generation = YES;
				INFOPLIST_KEY_UIApplicationSupportsIndirectInputEvents = YES;
				INFOPLIST_KEY_UILaunchScreen_Generation = YES;
				INFOPLIST_KEY_UIRequiresFullScreen = NO;
				INFOPLIST_KEY_UIStatusBarHidden = NO;
				INFOPLIST_KEY_UIStatusBarStyle = "";
				INFOPLIST_KEY_UISupportedInterfaceOrientations = UIInterfaceOrientationPortrait;
				INFOPLIST_KEY_UIUserInterfaceStyle = Light;
				IPHONEOS_DEPLOYMENT_TARGET = 17.0;
				LD_RUNPATH_SEARCH_PATHS = (
					"$(inherited)",
					"@executable_path/Frameworks",
				);
				MARKETING_VERSION = 1.0;
				PRODUCT_BUNDLE_IDENTIFIER = com.riu.MoodMingle;
				PRODUCT_NAME = "$(TARGET_NAME)";
				SUPPORTED_PLATFORMS = "iphoneos iphonesimulator";
				SUPPORTS_MACCATALYST = NO;
				SUPPORTS_MAC_DESIGNED_FOR_IPHONE_IPAD = NO;
				SUPPORTS_XR_DESIGNED_FOR_IPHONE_IPAD = NO;
				SWIFT_EMIT_LOC_STRINGS = YES;
				SWIFT_VERSION = 5.0;
				TARGETED_DEVICE_FAMILY = 1;
			};
			name = Release;
		};
/* End XCBuildConfiguration section */

/* Begin XCConfigurationList section */
		6D705A1D2BBD7B730038A9E9 /* Build configuration list for PBXProject "CapStoneDesign" */ = {
			isa = XCConfigurationList;
			buildConfigurations = (
				6D705A2E2BBD7B740038A9E9 /* Debug */,
				6D705A2F2BBD7B740038A9E9 /* Release */,
			);
			defaultConfigurationIsVisible = 0;
			defaultConfigurationName = Release;
		};
		6D705A302BBD7B740038A9E9 /* Build configuration list for PBXNativeTarget "CapStoneDesign" */ = {
			isa = XCConfigurationList;
			buildConfigurations = (
				6D705A312BBD7B740038A9E9 /* Debug */,
				6D705A322BBD7B740038A9E9 /* Release */,
			);
			defaultConfigurationIsVisible = 0;
			defaultConfigurationName = Release;
		};
/* End XCConfigurationList section */

/* Begin XCRemoteSwiftPackageReference section */
		6D2E8FD12BF51732005B7BA8 /* XCRemoteSwiftPackageReference "Kingfisher" */ = {
			isa = XCRemoteSwiftPackageReference;
			repositoryURL = "https://github.com/onevcat/Kingfisher.git";
			requirement = {
				kind = upToNextMajorVersion;
				minimumVersion = 7.11.0;
			};
		};
		6DCA61842BE64932004033A4 /* XCRemoteSwiftPackageReference "kakao-ios-sdk" */ = {
			isa = XCRemoteSwiftPackageReference;
			repositoryURL = "https://github.com/kakao/kakao-ios-sdk";
			requirement = {
				kind = upToNextMajorVersion;
				minimumVersion = 2.22.1;
			};
		};
/* End XCRemoteSwiftPackageReference section */

/* Begin XCSwiftPackageProductDependency section */
		6D2E8FD22BF51732005B7BA8 /* Kingfisher */ = {
			isa = XCSwiftPackageProductDependency;
			package = 6D2E8FD12BF51732005B7BA8 /* XCRemoteSwiftPackageReference "Kingfisher" */;
			productName = Kingfisher;
		};
		6DCA61852BE64932004033A4 /* KakaoSDK */ = {
			isa = XCSwiftPackageProductDependency;
			package = 6DCA61842BE64932004033A4 /* XCRemoteSwiftPackageReference "kakao-ios-sdk" */;
			productName = KakaoSDK;
		};
/* End XCSwiftPackageProductDependency section */
	};
	rootObject = 6D705A1A2BBD7B730038A9E9 /* Project object */;
}
