// !$*UTF8*$!
{
	archiveVersion = 1;
	classes = {
	};
	objectVersion = 56;
	objects = {

/* Begin PBXBuildFile section */
		6D3D96762BC1D19700A8A0E6 /* InitialView.swift in Sources */ = {isa = PBXBuildFile; fileRef = 6D3D96752BC1D19700A8A0E6 /* InitialView.swift */; };
		6D3D96782BC1D27B00A8A0E6 /* SplashView.swift in Sources */ = {isa = PBXBuildFile; fileRef = 6D3D96772BC1D27B00A8A0E6 /* SplashView.swift */; };
		6D705A262BBD7B740038A9E9 /* CapStoneDesignApp.swift in Sources */ = {isa = PBXBuildFile; fileRef = 6D705A252BBD7B740038A9E9 /* CapStoneDesignApp.swift */; };
		6D705A282BBD7B740038A9E9 /* TabBarView.swift in Sources */ = {isa = PBXBuildFile; fileRef = 6D705A272BBD7B740038A9E9 /* TabBarView.swift */; };
		6D705A2A2BBD7B740038A9E9 /* Assets.xcassets in Resources */ = {isa = PBXBuildFile; fileRef = 6D705A292BBD7B740038A9E9 /* Assets.xcassets */; };
		6D705A2D2BBD7B740038A9E9 /* Preview Assets.xcassets in Resources */ = {isa = PBXBuildFile; fileRef = 6D705A2C2BBD7B740038A9E9 /* Preview Assets.xcassets */; };
		6D705A342BBD7FDF0038A9E9 /* CalendarView.swift in Sources */ = {isa = PBXBuildFile; fileRef = 6D705A332BBD7FDF0038A9E9 /* CalendarView.swift */; };
		6D705A362BBDC8910038A9E9 /* CustomCalendar.swift in Sources */ = {isa = PBXBuildFile; fileRef = 6D705A352BBDC8910038A9E9 /* CustomCalendar.swift */; };
		6D705A3A2BBDCDEE0038A9E9 /* DateValue.swift in Sources */ = {isa = PBXBuildFile; fileRef = 6D705A392BBDCDEE0038A9E9 /* DateValue.swift */; };
		6D705A3C2BBDE00A0038A9E9 /* Diary.swift in Sources */ = {isa = PBXBuildFile; fileRef = 6D705A3B2BBDE00A0038A9E9 /* Diary.swift */; };
/* End PBXBuildFile section */

/* Begin PBXFileReference section */
		6D3D96752BC1D19700A8A0E6 /* InitialView.swift */ = {isa = PBXFileReference; lastKnownFileType = sourcecode.swift; path = InitialView.swift; sourceTree = "<group>"; };
		6D3D96772BC1D27B00A8A0E6 /* SplashView.swift */ = {isa = PBXFileReference; lastKnownFileType = sourcecode.swift; path = SplashView.swift; sourceTree = "<group>"; };
		6D705A222BBD7B740038A9E9 /* CapStoneDesign.app */ = {isa = PBXFileReference; explicitFileType = wrapper.application; includeInIndex = 0; path = CapStoneDesign.app; sourceTree = BUILT_PRODUCTS_DIR; };
		6D705A252BBD7B740038A9E9 /* CapStoneDesignApp.swift */ = {isa = PBXFileReference; lastKnownFileType = sourcecode.swift; path = CapStoneDesignApp.swift; sourceTree = "<group>"; };
		6D705A272BBD7B740038A9E9 /* TabBarView.swift */ = {isa = PBXFileReference; lastKnownFileType = sourcecode.swift; path = TabBarView.swift; sourceTree = "<group>"; };
		6D705A292BBD7B740038A9E9 /* Assets.xcassets */ = {isa = PBXFileReference; lastKnownFileType = folder.assetcatalog; path = Assets.xcassets; sourceTree = "<group>"; };
		6D705A2C2BBD7B740038A9E9 /* Preview Assets.xcassets */ = {isa = PBXFileReference; lastKnownFileType = folder.assetcatalog; path = "Preview Assets.xcassets"; sourceTree = "<group>"; };
		6D705A332BBD7FDF0038A9E9 /* CalendarView.swift */ = {isa = PBXFileReference; lastKnownFileType = sourcecode.swift; path = CalendarView.swift; sourceTree = "<group>"; };
		6D705A352BBDC8910038A9E9 /* CustomCalendar.swift */ = {isa = PBXFileReference; lastKnownFileType = sourcecode.swift; path = CustomCalendar.swift; sourceTree = "<group>"; };
		6D705A392BBDCDEE0038A9E9 /* DateValue.swift */ = {isa = PBXFileReference; lastKnownFileType = sourcecode.swift; path = DateValue.swift; sourceTree = "<group>"; };
		6D705A3B2BBDE00A0038A9E9 /* Diary.swift */ = {isa = PBXFileReference; lastKnownFileType = sourcecode.swift; path = Diary.swift; sourceTree = "<group>"; };
/* End PBXFileReference section */

/* Begin PBXFrameworksBuildPhase section */
		6D705A1F2BBD7B740038A9E9 /* Frameworks */ = {
			isa = PBXFrameworksBuildPhase;
			buildActionMask = 2147483647;
			files = (
			);
			runOnlyForDeploymentPostprocessing = 0;
		};
/* End PBXFrameworksBuildPhase section */

/* Begin PBXGroup section */
		6D3D96792BC1D2B800A8A0E6 /* Home */ = {
			isa = PBXGroup;
			children = (
				6D705A272BBD7B740038A9E9 /* TabBarView.swift */,
				6D705A332BBD7FDF0038A9E9 /* CalendarView.swift */,
				6D705A352BBDC8910038A9E9 /* CustomCalendar.swift */,
			);
			path = Home;
			sourceTree = "<group>";
		};
		6D705A192BBD7B730038A9E9 = {
			isa = PBXGroup;
			children = (
				6D705A242BBD7B740038A9E9 /* CapStoneDesign */,
				6D705A232BBD7B740038A9E9 /* Products */,
			);
			sourceTree = "<group>";
		};
		6D705A232BBD7B740038A9E9 /* Products */ = {
			isa = PBXGroup;
			children = (
				6D705A222BBD7B740038A9E9 /* CapStoneDesign.app */,
			);
			name = Products;
			sourceTree = "<group>";
		};
		6D705A242BBD7B740038A9E9 /* CapStoneDesign */ = {
			isa = PBXGroup;
			children = (
				6D705A372BBDCD770038A9E9 /* Model */,
				6D3D96792BC1D2B800A8A0E6 /* Home */,
				6D705A252BBD7B740038A9E9 /* CapStoneDesignApp.swift */,
				6D3D96752BC1D19700A8A0E6 /* InitialView.swift */,
				6D3D96772BC1D27B00A8A0E6 /* SplashView.swift */,
				6D705A292BBD7B740038A9E9 /* Assets.xcassets */,
				6D705A2B2BBD7B740038A9E9 /* Preview Content */,
			);
			path = CapStoneDesign;
			sourceTree = "<group>";
		};
		6D705A2B2BBD7B740038A9E9 /* Preview Content */ = {
			isa = PBXGroup;
			children = (
				6D705A2C2BBD7B740038A9E9 /* Preview Assets.xcassets */,
			);
			path = "Preview Content";
			sourceTree = "<group>";
		};
		6D705A372BBDCD770038A9E9 /* Model */ = {
			isa = PBXGroup;
			children = (
				6D705A392BBDCDEE0038A9E9 /* DateValue.swift */,
				6D705A3B2BBDE00A0038A9E9 /* Diary.swift */,
			);
			path = Model;
			sourceTree = "<group>";
		};
/* End PBXGroup section */

/* Begin PBXNativeTarget section */
		6D705A212BBD7B740038A9E9 /* CapStoneDesign */ = {
			isa = PBXNativeTarget;
			buildConfigurationList = 6D705A302BBD7B740038A9E9 /* Build configuration list for PBXNativeTarget "CapStoneDesign" */;
			buildPhases = (
				6D705A1E2BBD7B740038A9E9 /* Sources */,
				6D705A1F2BBD7B740038A9E9 /* Frameworks */,
				6D705A202BBD7B740038A9E9 /* Resources */,
			);
			buildRules = (
			);
			dependencies = (
			);
			name = CapStoneDesign;
			productName = CapStoneDesign;
			productReference = 6D705A222BBD7B740038A9E9 /* CapStoneDesign.app */;
			productType = "com.apple.product-type.application";
		};
/* End PBXNativeTarget section */

/* Begin PBXProject section */
		6D705A1A2BBD7B730038A9E9 /* Project object */ = {
			isa = PBXProject;
			attributes = {
				BuildIndependentTargetsInParallel = 1;
				LastSwiftUpdateCheck = 1530;
				LastUpgradeCheck = 1530;
				TargetAttributes = {
					6D705A212BBD7B740038A9E9 = {
						CreatedOnToolsVersion = 15.3;
					};
				};
			};
			buildConfigurationList = 6D705A1D2BBD7B730038A9E9 /* Build configuration list for PBXProject "CapStoneDesign" */;
			compatibilityVersion = "Xcode 14.0";
			developmentRegion = en;
			hasScannedForEncodings = 0;
			knownRegions = (
				en,
				Base,
			);
			mainGroup = 6D705A192BBD7B730038A9E9;
			productRefGroup = 6D705A232BBD7B740038A9E9 /* Products */;
			projectDirPath = "";
			projectRoot = "";
			targets = (
				6D705A212BBD7B740038A9E9 /* CapStoneDesign */,
			);
		};
/* End PBXProject section */

/* Begin PBXResourcesBuildPhase section */
		6D705A202BBD7B740038A9E9 /* Resources */ = {
			isa = PBXResourcesBuildPhase;
			buildActionMask = 2147483647;
			files = (
				6D705A2D2BBD7B740038A9E9 /* Preview Assets.xcassets in Resources */,
				6D705A2A2BBD7B740038A9E9 /* Assets.xcassets in Resources */,
			);
			runOnlyForDeploymentPostprocessing = 0;
		};
/* End PBXResourcesBuildPhase section */

/* Begin PBXSourcesBuildPhase section */
		6D705A1E2BBD7B740038A9E9 /* Sources */ = {
			isa = PBXSourcesBuildPhase;
			buildActionMask = 2147483647;
			files = (
				6D705A362BBDC8910038A9E9 /* CustomCalendar.swift in Sources */,
				6D3D96782BC1D27B00A8A0E6 /* SplashView.swift in Sources */,
				6D705A282BBD7B740038A9E9 /* TabBarView.swift in Sources */,
				6D705A342BBD7FDF0038A9E9 /* CalendarView.swift in Sources */,
				6D705A262BBD7B740038A9E9 /* CapStoneDesignApp.swift in Sources */,
				6D705A3A2BBDCDEE0038A9E9 /* DateValue.swift in Sources */,
				6D3D96762BC1D19700A8A0E6 /* InitialView.swift in Sources */,
				6D705A3C2BBDE00A0038A9E9 /* Diary.swift in Sources */,
			);
			runOnlyForDeploymentPostprocessing = 0;
		};
/* End PBXSourcesBuildPhase section */

/* Begin XCBuildConfiguration section */
		6D705A2E2BBD7B740038A9E9 /* Debug */ = {
			isa = XCBuildConfiguration;
			buildSettings = {
				ALWAYS_SEARCH_USER_PATHS = NO;
				ASSETCATALOG_COMPILER_GENERATE_SWIFT_ASSET_SYMBOL_EXTENSIONS = YES;
				CLANG_ANALYZER_NONNULL = YES;
				CLANG_ANALYZER_NUMBER_OBJECT_CONVERSION = YES_AGGRESSIVE;
				CLANG_CXX_LANGUAGE_STANDARD = "gnu++20";
				CLANG_ENABLE_MODULES = YES;
				CLANG_ENABLE_OBJC_ARC = YES;
				CLANG_ENABLE_OBJC_WEAK = YES;
				CLANG_WARN_BLOCK_CAPTURE_AUTORELEASING = YES;
				CLANG_WARN_BOOL_CONVERSION = YES;
				CLANG_WARN_COMMA = YES;
				CLANG_WARN_CONSTANT_CONVERSION = YES;
				CLANG_WARN_DEPRECATED_OBJC_IMPLEMENTATIONS = YES;
				CLANG_WARN_DIRECT_OBJC_ISA_USAGE = YES_ERROR;
				CLANG_WARN_DOCUMENTATION_COMMENTS = YES;
				CLANG_WARN_EMPTY_BODY = YES;
				CLANG_WARN_ENUM_CONVERSION = YES;
				CLANG_WARN_INFINITE_RECURSION = YES;
				CLANG_WARN_INT_CONVERSION = YES;
				CLANG_WARN_NON_LITERAL_NULL_CONVERSION = YES;
				CLANG_WARN_OBJC_IMPLICIT_RETAIN_SELF = YES;
				CLANG_WARN_OBJC_LITERAL_CONVERSION = YES;
				CLANG_WARN_OBJC_ROOT_CLASS = YES_ERROR;
				CLANG_WARN_QUOTED_INCLUDE_IN_FRAMEWORK_HEADER = YES;
				CLANG_WARN_RANGE_LOOP_ANALYSIS = YES;
				CLANG_WARN_STRICT_PROTOTYPES = YES;
				CLANG_WARN_SUSPICIOUS_MOVE = YES;
				CLANG_WARN_UNGUARDED_AVAILABILITY = YES_AGGRESSIVE;
				CLANG_WARN_UNREACHABLE_CODE = YES;
				CLANG_WARN__DUPLICATE_METHOD_MATCH = YES;
				COPY_PHASE_STRIP = NO;
				DEBUG_INFORMATION_FORMAT = dwarf;
				ENABLE_STRICT_OBJC_MSGSEND = YES;
				ENABLE_TESTABILITY = YES;
				ENABLE_USER_SCRIPT_SANDBOXING = YES;
				GCC_C_LANGUAGE_STANDARD = gnu17;
				GCC_DYNAMIC_NO_PIC = NO;
				GCC_NO_COMMON_BLOCKS = YES;
				GCC_OPTIMIZATION_LEVEL = 0;
				GCC_PREPROCESSOR_DEFINITIONS = (
					"DEBUG=1",
					"$(inherited)",
				);
				GCC_WARN_64_TO_32_BIT_CONVERSION = YES;
				GCC_WARN_ABOUT_RETURN_TYPE = YES_ERROR;
				GCC_WARN_UNDECLARED_SELECTOR = YES;
				GCC_WARN_UNINITIALIZED_AUTOS = YES_AGGRESSIVE;
				GCC_WARN_UNUSED_FUNCTION = YES;
				GCC_WARN_UNUSED_VARIABLE = YES;
				IPHONEOS_DEPLOYMENT_TARGET = 17.4;
				LOCALIZATION_PREFERS_STRING_CATALOGS = YES;
				MTL_ENABLE_DEBUG_INFO = INCLUDE_SOURCE;
				MTL_FAST_MATH = YES;
				ONLY_ACTIVE_ARCH = YES;
				SDKROOT = iphoneos;
				SWIFT_ACTIVE_COMPILATION_CONDITIONS = "DEBUG $(inherited)";
				SWIFT_OPTIMIZATION_LEVEL = "-Onone";
			};
			name = Debug;
		};
		6D705A2F2BBD7B740038A9E9 /* Release */ = {
			isa = XCBuildConfiguration;
			buildSettings = {
				ALWAYS_SEARCH_USER_PATHS = NO;
				ASSETCATALOG_COMPILER_GENERATE_SWIFT_ASSET_SYMBOL_EXTENSIONS = YES;
				CLANG_ANALYZER_NONNULL = YES;
				CLANG_ANALYZER_NUMBER_OBJECT_CONVERSION = YES_AGGRESSIVE;
				CLANG_CXX_LANGUAGE_STANDARD = "gnu++20";
				CLANG_ENABLE_MODULES = YES;
				CLANG_ENABLE_OBJC_ARC = YES;
				CLANG_ENABLE_OBJC_WEAK = YES;
				CLANG_WARN_BLOCK_CAPTURE_AUTORELEASING = YES;
				CLANG_WARN_BOOL_CONVERSION = YES;
				CLANG_WARN_COMMA = YES;
				CLANG_WARN_CONSTANT_CONVERSION = YES;
				CLANG_WARN_DEPRECATED_OBJC_IMPLEMENTATIONS = YES;
				CLANG_WARN_DIRECT_OBJC_ISA_USAGE = YES_ERROR;
				CLANG_WARN_DOCUMENTATION_COMMENTS = YES;
				CLANG_WARN_EMPTY_BODY = YES;
				CLANG_WARN_ENUM_CONVERSION = YES;
				CLANG_WARN_INFINITE_RECURSION = YES;
				CLANG_WARN_INT_CONVERSION = YES;
				CLANG_WARN_NON_LITERAL_NULL_CONVERSION = YES;
				CLANG_WARN_OBJC_IMPLICIT_RETAIN_SELF = YES;
				CLANG_WARN_OBJC_LITERAL_CONVERSION = YES;
				CLANG_WARN_OBJC_ROOT_CLASS = YES_ERROR;
				CLANG_WARN_QUOTED_INCLUDE_IN_FRAMEWORK_HEADER = YES;
				CLANG_WARN_RANGE_LOOP_ANALYSIS = YES;
				CLANG_WARN_STRICT_PROTOTYPES = YES;
				CLANG_WARN_SUSPICIOUS_MOVE = YES;
				CLANG_WARN_UNGUARDED_AVAILABILITY = YES_AGGRESSIVE;
				CLANG_WARN_UNREACHABLE_CODE = YES;
				CLANG_WARN__DUPLICATE_METHOD_MATCH = YES;
				COPY_PHASE_STRIP = NO;
				DEBUG_INFORMATION_FORMAT = "dwarf-with-dsym";
				ENABLE_NS_ASSERTIONS = NO;
				ENABLE_STRICT_OBJC_MSGSEND = YES;
				ENABLE_USER_SCRIPT_SANDBOXING = YES;
				GCC_C_LANGUAGE_STANDARD = gnu17;
				GCC_NO_COMMON_BLOCKS = YES;
				GCC_WARN_64_TO_32_BIT_CONVERSION = YES;
				GCC_WARN_ABOUT_RETURN_TYPE = YES_ERROR;
				GCC_WARN_UNDECLARED_SELECTOR = YES;
				GCC_WARN_UNINITIALIZED_AUTOS = YES_AGGRESSIVE;
				GCC_WARN_UNUSED_FUNCTION = YES;
				GCC_WARN_UNUSED_VARIABLE = YES;
				IPHONEOS_DEPLOYMENT_TARGET = 17.4;
				LOCALIZATION_PREFERS_STRING_CATALOGS = YES;
				MTL_ENABLE_DEBUG_INFO = NO;
				MTL_FAST_MATH = YES;
				SDKROOT = iphoneos;
				SWIFT_COMPILATION_MODE = wholemodule;
				VALIDATE_PRODUCT = YES;
			};
			name = Release;
		};
		6D705A312BBD7B740038A9E9 /* Debug */ = {
			isa = XCBuildConfiguration;
			buildSettings = {
				ASSETCATALOG_COMPILER_APPICON_NAME = AppIcon;
				ASSETCATALOG_COMPILER_GLOBAL_ACCENT_COLOR_NAME = AccentColor;
				CODE_SIGN_STYLE = Automatic;
				CURRENT_PROJECT_VERSION = 1;
				DEVELOPMENT_ASSET_PATHS = "\"CapStoneDesign/Preview Content\"";
				DEVELOPMENT_TEAM = 23SCTLK482;
				ENABLE_PREVIEWS = YES;
				GENERATE_INFOPLIST_FILE = YES;
				INFOPLIST_KEY_UIApplicationSceneManifest_Generation = YES;
				INFOPLIST_KEY_UIApplicationSupportsIndirectInputEvents = YES;
				INFOPLIST_KEY_UILaunchScreen_Generation = YES;
				INFOPLIST_KEY_UISupportedInterfaceOrientations_iPad = "UIInterfaceOrientationPortrait UIInterfaceOrientationPortraitUpsideDown UIInterfaceOrientationLandscapeLeft UIInterfaceOrientationLandscapeRight";
				INFOPLIST_KEY_UISupportedInterfaceOrientations_iPhone = "UIInterfaceOrientationPortrait UIInterfaceOrientationLandscapeLeft UIInterfaceOrientationLandscapeRight";
				LD_RUNPATH_SEARCH_PATHS = (
					"$(inherited)",
					"@executable_path/Frameworks",
				);
				MARKETING_VERSION = 1.0;
				PRODUCT_BUNDLE_IDENTIFIER = com.riu..CapStoneDesign;
				PRODUCT_NAME = "$(TARGET_NAME)";
				SWIFT_EMIT_LOC_STRINGS = YES;
				SWIFT_VERSION = 5.0;
				TARGETED_DEVICE_FAMILY = "1,2";
			};
			name = Debug;
		};
		6D705A322BBD7B740038A9E9 /* Release */ = {
			isa = XCBuildConfiguration;
			buildSettings = {
				ASSETCATALOG_COMPILER_APPICON_NAME = AppIcon;
				ASSETCATALOG_COMPILER_GLOBAL_ACCENT_COLOR_NAME = AccentColor;
				CODE_SIGN_STYLE = Automatic;
				CURRENT_PROJECT_VERSION = 1;
				DEVELOPMENT_ASSET_PATHS = "\"CapStoneDesign/Preview Content\"";
				DEVELOPMENT_TEAM = 23SCTLK482;
				ENABLE_PREVIEWS = YES;
				GENERATE_INFOPLIST_FILE = YES;
				INFOPLIST_KEY_UIApplicationSceneManifest_Generation = YES;
				INFOPLIST_KEY_UIApplicationSupportsIndirectInputEvents = YES;
				INFOPLIST_KEY_UILaunchScreen_Generation = YES;
				INFOPLIST_KEY_UISupportedInterfaceOrientations_iPad = "UIInterfaceOrientationPortrait UIInterfaceOrientationPortraitUpsideDown UIInterfaceOrientationLandscapeLeft UIInterfaceOrientationLandscapeRight";
				INFOPLIST_KEY_UISupportedInterfaceOrientations_iPhone = "UIInterfaceOrientationPortrait UIInterfaceOrientationLandscapeLeft UIInterfaceOrientationLandscapeRight";
				LD_RUNPATH_SEARCH_PATHS = (
					"$(inherited)",
					"@executable_path/Frameworks",
				);
				MARKETING_VERSION = 1.0;
				PRODUCT_BUNDLE_IDENTIFIER = com.riu..CapStoneDesign;
				PRODUCT_NAME = "$(TARGET_NAME)";
				SWIFT_EMIT_LOC_STRINGS = YES;
				SWIFT_VERSION = 5.0;
				TARGETED_DEVICE_FAMILY = "1,2";
			};
			name = Release;
		};
/* End XCBuildConfiguration section */

/* Begin XCConfigurationList section */
		6D705A1D2BBD7B730038A9E9 /* Build configuration list for PBXProject "CapStoneDesign" */ = {
			isa = XCConfigurationList;
			buildConfigurations = (
				6D705A2E2BBD7B740038A9E9 /* Debug */,
				6D705A2F2BBD7B740038A9E9 /* Release */,
			);
			defaultConfigurationIsVisible = 0;
			defaultConfigurationName = Release;
		};
		6D705A302BBD7B740038A9E9 /* Build configuration list for PBXNativeTarget "CapStoneDesign" */ = {
			isa = XCConfigurationList;
			buildConfigurations = (
				6D705A312BBD7B740038A9E9 /* Debug */,
				6D705A322BBD7B740038A9E9 /* Release */,
			);
			defaultConfigurationIsVisible = 0;
			defaultConfigurationName = Release;
		};
/* End XCConfigurationList section */
	};
	rootObject = 6D705A1A2BBD7B730038A9E9 /* Project object */;
}
